
Microsoft Visual Studio Solution File, Format Version 12.00
# Visual Studio Version 17
VisualStudioVersion = 17.9.34728.123
MinimumVisualStudioVersion = 10.0.40219.1
Project("{FAE04EC0-301F-11D3-BF4B-00C04F79EFBC}") = "CrudNetmaui4955450", "CrudNetmaui4955450\CrudNetmaui4955450.csproj", "{055126CC-2D3B-4D55-849E-67C6854D3BB5}"
EndProject
Global
	GlobalSection(SolutionConfigurationPlatforms) = preSolution
		Debug|Any CPU = Debug|Any CPU
		Release|Any CPU = Release|Any CPU
	EndGlobalSection
	GlobalSection(ProjectConfigurationPlatforms) = postSolution
		{055126CC-2D3B-4D55-849E-67C6854D3BB5}.Debug|Any CPU.ActiveCfg = Debug|Any CPU
		{055126CC-2D3B-4D55-849E-67C6854D3BB5}.Debug|Any CPU.Build.0 = Debug|Any CPU
		{055126CC-2D3B-4D55-849E-67C6854D3BB5}.Debug|Any CPU.Deploy.0 = Debug|Any CPU
		{055126CC-2D3B-4D55-849E-67C6854D3BB5}.Release|Any CPU.ActiveCfg = Release|Any CPU
		{055126CC-2D3B-4D55-849E-67C6854D3BB5}.Release|Any CPU.Build.0 = Release|Any CPU
		{055126CC-2D3B-4D55-849E-67C6854D3BB5}.Release|Any CPU.Deploy.0 = Release|Any CPU
	EndGlobalSection
	GlobalSection(SolutionProperties) = preSolution
		HideSolutionNode = FALSE
	EndGlobalSection
	GlobalSection(ExtensibilityGlobals) = postSolution
		SolutionGuid = {C0B130B2-A7B3-4F77-889F-C35973E372DF}
	EndGlobalSection
EndGlobal
